Microsoft Visual Studio Solution File, Format Version 12.00
# Visual Studio Version 17
VisualStudioVersion = 17.5.2.0
MinimumVisualStudioVersion = 10.0.40219.1
Project("{FAE04EC0-301F-11D3-BF4B-00C04F79EFBC}") = "UbuntuVSCodeDemo", "UbuntuVSCodeDemo.csproj", "{FE03609C-18C6-BF1B-5784-EEC37DB676AD}"
EndProject
Global
	GlobalSection(SolutionConfigurationPlatforms) = preSolution
		Debug|Any CPU = Debug|Any CPU
		Release|Any CPU = Release|Any CPU
	EndGlobalSection
	GlobalSection(ProjectConfigurationPlatforms) = postSolution
		{FE03609C-18C6-BF1B-5784-EEC37DB676AD}.Debug|Any CPU.ActiveCfg = Debug|Any CPU
		{FE03609C-18C6-BF1B-5784-EEC37DB676AD}.Debug|Any CPU.Build.0 = Debug|Any CPU
		{FE03609C-18C6-BF1B-5784-EEC37DB676AD}.Release|Any CPU.ActiveCfg = Release|Any CPU
		{FE03609C-18C6-BF1B-5784-EEC37DB676AD}.Release|Any CPU.Build.0 = Release|Any CPU
	EndGlobalSection
	GlobalSection(SolutionProperties) = preSolution
		HideSolutionNode = FALSE
	EndGlobalSection
	GlobalSection(ExtensibilityGlobals) = postSolution
		SolutionGuid = {3006DF79-44AF-4437-A491-502D9F176F25}
	EndGlobalSection
EndGlobal
